
Microsoft Visual Studio Solution File, Format Version 12.00
# Visual Studio Version 16
VisualStudioVersion = 16.0.31624.102
MinimumVisualStudioVersion = 10.0.40219.1
Project("{FAE04EC0-301F-11D3-BF4B-00C04F79EFBC}") = "WinFormsApp1", "WinFormsApp1\WinFormsApp1.csproj", "{EFB9152D-FE9A-41A9-8E79-970B6516CF4A}"
EndProject
Global
	GlobalSection(SolutionConfigurationPlatforms) = preSolution
		Debug|Any CPU = Debug|Any CPU
		Release|Any CPU = Release|Any CPU
	EndGlobalSection
	GlobalSection(ProjectConfigurationPlatforms) = postSolution
		{EFB9152D-FE9A-41A9-8E79-970B6516CF4A}.Debug|Any CPU.ActiveCfg = Debug|Any CPU
		{EFB9152D-FE9A-41A9-8E79-970B6516CF4A}.Debug|Any CPU.Build.0 = Debug|Any CPU
		{EFB9152D-FE9A-41A9-8E79-970B6516CF4A}.Release|Any CPU.ActiveCfg = Release|Any CPU
		{EFB9152D-FE9A-41A9-8E79-970B6516CF4A}.Release|Any CPU.Build.0 = Release|Any CPU
	EndGlobalSection
	GlobalSection(SolutionProperties) = preSolution
		HideSolutionNode = FALSE
	EndGlobalSection
	GlobalSection(ExtensibilityGlobals) = postSolution
		SolutionGuid = {5A2D7D93-8E3D-4BDF-A3AB-86CB54AB9A8E}
	EndGlobalSection
EndGlobal
